
Microsoft Visual Studio Solution File, Format Version 12.00
# Visual Studio Version 16
VisualStudioVersion = 16.0.31702.278
MinimumVisualStudioVersion = 10.0.40219.1
Project("{8BC9CEB8-8B4A-11D0-8D11-00A0C91BC942}") = "2 Dimensional Array c++", "2 Dimensional Array c++\2 Dimensional Array c++.vcxproj", "{64A496B0-7750-4775-893A-C03E218633AD}"
EndProject
Global
	GlobalSection(SolutionConfigurationPlatforms) = preSolution
		Debug|x64 = Debug|x64
		Debug|x86 = Debug|x86
		Release|x64 = Release|x64
		Release|x86 = Release|x86
	EndGlobalSection
	GlobalSection(ProjectConfigurationPlatforms) = postSolution
		{64A496B0-7750-4775-893A-C03E218633AD}.Debug|x64.ActiveCfg = Debug|x64
		{64A496B0-7750-4775-893A-C03E218633AD}.Debug|x64.Build.0 = Debug|x64
		{64A496B0-7750-4775-893A-C03E218633AD}.Debug|x86.ActiveCfg = Debug|Win32
		{64A496B0-7750-4775-893A-C03E218633AD}.Debug|x86.Build.0 = Debug|Win32
		{64A496B0-7750-4775-893A-C03E218633AD}.Release|x64.ActiveCfg = Release|x64
		{64A496B0-7750-4775-893A-C03E218633AD}.Release|x64.Build.0 = Release|x64
		{64A496B0-7750-4775-893A-C03E218633AD}.Release|x86.ActiveCfg = Release|Win32
		{64A496B0-7750-4775-893A-C03E218633AD}.Release|x86.Build.0 = Release|Win32
	EndGlobalSection
	GlobalSection(SolutionProperties) = preSolution
		HideSolutionNode = FALSE
	EndGlobalSection
	GlobalSection(ExtensibilityGlobals) = postSolution
		SolutionGuid = {EF62F945-76E6-41AD-A20C-C92BACD13A2A}
	EndGlobalSection
EndGlobal
