
Microsoft Visual Studio Solution File, Format Version 12.00
# Visual Studio Version 16
VisualStudioVersion = 16.0.31702.278
MinimumVisualStudioVersion = 10.0.40219.1
Project("{8BC9CEB8-8B4A-11D0-8D11-00A0C91BC942}") = "C++ Function Templates and Function Templates with Parameters", "C++ Function Templates and Function Templates with Parameters\C++ Function Templates and Function Templates with Parameters.vcxproj", "{C2D09FF1-605C-4189-85CC-12367C93618D}"
EndProject
Global
	GlobalSection(SolutionConfigurationPlatforms) = preSolution
		Debug|x64 = Debug|x64
		Debug|x86 = Debug|x86
		Release|x64 = Release|x64
		Release|x86 = Release|x86
	EndGlobalSection
	GlobalSection(ProjectConfigurationPlatforms) = postSolution
		{C2D09FF1-605C-4189-85CC-12367C93618D}.Debug|x64.ActiveCfg = Debug|x64
		{C2D09FF1-605C-4189-85CC-12367C93618D}.Debug|x64.Build.0 = Debug|x64
		{C2D09FF1-605C-4189-85CC-12367C93618D}.Debug|x86.ActiveCfg = Debug|Win32
		{C2D09FF1-605C-4189-85CC-12367C93618D}.Debug|x86.Build.0 = Debug|Win32
		{C2D09FF1-605C-4189-85CC-12367C93618D}.Release|x64.ActiveCfg = Release|x64
		{C2D09FF1-605C-4189-85CC-12367C93618D}.Release|x64.Build.0 = Release|x64
		{C2D09FF1-605C-4189-85CC-12367C93618D}.Release|x86.ActiveCfg = Release|Win32
		{C2D09FF1-605C-4189-85CC-12367C93618D}.Release|x86.Build.0 = Release|Win32
	EndGlobalSection
	GlobalSection(SolutionProperties) = preSolution
		HideSolutionNode = FALSE
	EndGlobalSection
	GlobalSection(ExtensibilityGlobals) = postSolution
		SolutionGuid = {C9B57667-5406-4AA4-A631-25B5F37B1C42}
	EndGlobalSection
EndGlobal
