
Microsoft Visual Studio Solution File, Format Version 12.00
# Visual Studio Version 16
VisualStudioVersion = 16.0.31702.278
MinimumVisualStudioVersion = 10.0.40219.1
Project("{8BC9CEB8-8B4A-11D0-8D11-00A0C91BC942}") = "More on C++ Friend Functions (Examples and Explanation)", "More on C++ Friend Functions (Examples and Explanation)\More on C++ Friend Functions (Examples and Explanation).vcxproj", "{25C511E2-48CC-4026-8494-9288EA6EC470}"
EndProject
Global
	GlobalSection(SolutionConfigurationPlatforms) = preSolution
		Debug|x64 = Debug|x64
		Debug|x86 = Debug|x86
		Release|x64 = Release|x64
		Release|x86 = Release|x86
	EndGlobalSection
	GlobalSection(ProjectConfigurationPlatforms) = postSolution
		{25C511E2-48CC-4026-8494-9288EA6EC470}.Debug|x64.ActiveCfg = Debug|x64
		{25C511E2-48CC-4026-8494-9288EA6EC470}.Debug|x64.Build.0 = Debug|x64
		{25C511E2-48CC-4026-8494-9288EA6EC470}.Debug|x86.ActiveCfg = Debug|Win32
		{25C511E2-48CC-4026-8494-9288EA6EC470}.Debug|x86.Build.0 = Debug|Win32
		{25C511E2-48CC-4026-8494-9288EA6EC470}.Release|x64.ActiveCfg = Release|x64
		{25C511E2-48CC-4026-8494-9288EA6EC470}.Release|x64.Build.0 = Release|x64
		{25C511E2-48CC-4026-8494-9288EA6EC470}.Release|x86.ActiveCfg = Release|Win32
		{25C511E2-48CC-4026-8494-9288EA6EC470}.Release|x86.Build.0 = Release|Win32
	EndGlobalSection
	GlobalSection(SolutionProperties) = preSolution
		HideSolutionNode = FALSE
	EndGlobalSection
	GlobalSection(ExtensibilityGlobals) = postSolution
		SolutionGuid = {DD421CF7-C291-414B-80B7-4897053D6976}
	EndGlobalSection
EndGlobal
