
Microsoft Visual Studio Solution File, Format Version 12.00
# Visual Studio Version 16
VisualStudioVersion = 16.0.31702.278
MinimumVisualStudioVersion = 10.0.40219.1
Project("{8BC9CEB8-8B4A-11D0-8D11-00A0C91BC942}") = "Pointers to Objects and Arrow Operator in CPP", "Pointers to Objects and Arrow Operator in CPP\Pointers to Objects and Arrow Operator in CPP.vcxproj", "{295A80F1-78A6-474B-9923-EFBD5DC005AE}"
EndProject
Global
	GlobalSection(SolutionConfigurationPlatforms) = preSolution
		Debug|x64 = Debug|x64
		Debug|x86 = Debug|x86
		Release|x64 = Release|x64
		Release|x86 = Release|x86
	EndGlobalSection
	GlobalSection(ProjectConfigurationPlatforms) = postSolution
		{295A80F1-78A6-474B-9923-EFBD5DC005AE}.Debug|x64.ActiveCfg = Debug|x64
		{295A80F1-78A6-474B-9923-EFBD5DC005AE}.Debug|x64.Build.0 = Debug|x64
		{295A80F1-78A6-474B-9923-EFBD5DC005AE}.Debug|x86.ActiveCfg = Debug|Win32
		{295A80F1-78A6-474B-9923-EFBD5DC005AE}.Debug|x86.Build.0 = Debug|Win32
		{295A80F1-78A6-474B-9923-EFBD5DC005AE}.Release|x64.ActiveCfg = Release|x64
		{295A80F1-78A6-474B-9923-EFBD5DC005AE}.Release|x64.Build.0 = Release|x64
		{295A80F1-78A6-474B-9923-EFBD5DC005AE}.Release|x86.ActiveCfg = Release|Win32
		{295A80F1-78A6-474B-9923-EFBD5DC005AE}.Release|x86.Build.0 = Release|Win32
	EndGlobalSection
	GlobalSection(SolutionProperties) = preSolution
		HideSolutionNode = FALSE
	EndGlobalSection
	GlobalSection(ExtensibilityGlobals) = postSolution
		SolutionGuid = {A866F00B-9264-4FB1-8C46-74E636DAE1A9}
	EndGlobalSection
EndGlobal
