
Microsoft Visual Studio Solution File, Format Version 12.00
# Visual Studio Version 16
VisualStudioVersion = 16.0.31702.278
MinimumVisualStudioVersion = 10.0.40219.1
Project("{8BC9CEB8-8B4A-11D0-8D11-00A0C91BC942}") = "Constants, Manipulators and Operator Precedence", "Constants, Manipulators and Operator Precedence\Constants, Manipulators and Operator Precedence.vcxproj", "{3AB751E5-E3FD-4F49-9F34-2DB25C178178}"
EndProject
Global
	GlobalSection(SolutionConfigurationPlatforms) = preSolution
		Debug|x64 = Debug|x64
		Debug|x86 = Debug|x86
		Release|x64 = Release|x64
		Release|x86 = Release|x86
	EndGlobalSection
	GlobalSection(ProjectConfigurationPlatforms) = postSolution
		{3AB751E5-E3FD-4F49-9F34-2DB25C178178}.Debug|x64.ActiveCfg = Debug|x64
		{3AB751E5-E3FD-4F49-9F34-2DB25C178178}.Debug|x64.Build.0 = Debug|x64
		{3AB751E5-E3FD-4F49-9F34-2DB25C178178}.Debug|x86.ActiveCfg = Debug|Win32
		{3AB751E5-E3FD-4F49-9F34-2DB25C178178}.Debug|x86.Build.0 = Debug|Win32
		{3AB751E5-E3FD-4F49-9F34-2DB25C178178}.Release|x64.ActiveCfg = Release|x64
		{3AB751E5-E3FD-4F49-9F34-2DB25C178178}.Release|x64.Build.0 = Release|x64
		{3AB751E5-E3FD-4F49-9F34-2DB25C178178}.Release|x86.ActiveCfg = Release|Win32
		{3AB751E5-E3FD-4F49-9F34-2DB25C178178}.Release|x86.Build.0 = Release|Win32
	EndGlobalSection
	GlobalSection(SolutionProperties) = preSolution
		HideSolutionNode = FALSE
	EndGlobalSection
	GlobalSection(ExtensibilityGlobals) = postSolution
		SolutionGuid = {B400F918-A406-4894-8CD0-EB08DF5AD757}
	EndGlobalSection
EndGlobal
