
Microsoft Visual Studio Solution File, Format Version 12.00
# Visual Studio Version 16
VisualStudioVersion = 16.0.31702.278
MinimumVisualStudioVersion = 10.0.40219.1
Project("{8BC9CEB8-8B4A-11D0-8D11-00A0C91BC942}") = "Friend Classes and Member Friend Functions in C++", "Friend Classes and Member Friend Functions in C++\Friend Classes and Member Friend Functions in C++.vcxproj", "{3F862CD7-60C3-46A6-8FBE-84B77DB40FD2}"
EndProject
Global
	GlobalSection(SolutionConfigurationPlatforms) = preSolution
		Debug|x64 = Debug|x64
		Debug|x86 = Debug|x86
		Release|x64 = Release|x64
		Release|x86 = Release|x86
	EndGlobalSection
	GlobalSection(ProjectConfigurationPlatforms) = postSolution
		{3F862CD7-60C3-46A6-8FBE-84B77DB40FD2}.Debug|x64.ActiveCfg = Debug|x64
		{3F862CD7-60C3-46A6-8FBE-84B77DB40FD2}.Debug|x64.Build.0 = Debug|x64
		{3F862CD7-60C3-46A6-8FBE-84B77DB40FD2}.Debug|x86.ActiveCfg = Debug|Win32
		{3F862CD7-60C3-46A6-8FBE-84B77DB40FD2}.Debug|x86.Build.0 = Debug|Win32
		{3F862CD7-60C3-46A6-8FBE-84B77DB40FD2}.Release|x64.ActiveCfg = Release|x64
		{3F862CD7-60C3-46A6-8FBE-84B77DB40FD2}.Release|x64.Build.0 = Release|x64
		{3F862CD7-60C3-46A6-8FBE-84B77DB40FD2}.Release|x86.ActiveCfg = Release|Win32
		{3F862CD7-60C3-46A6-8FBE-84B77DB40FD2}.Release|x86.Build.0 = Release|Win32
	EndGlobalSection
	GlobalSection(SolutionProperties) = preSolution
		HideSolutionNode = FALSE
	EndGlobalSection
	GlobalSection(ExtensibilityGlobals) = postSolution
		SolutionGuid = {3627F294-E776-4C1C-A275-C7DCE4D3BBF6}
	EndGlobalSection
EndGlobal
