
Microsoft Visual Studio Solution File, Format Version 12.00
# Visual Studio Version 16
VisualStudioVersion = 16.0.31702.278
MinimumVisualStudioVersion = 10.0.40219.1
Project("{8BC9CEB8-8B4A-11D0-8D11-00A0C91BC942}") = "Inheritance Exercies", "Inheritance Exercies\Inheritance Exercies.vcxproj", "{EEBEC380-0FDF-42BB-89D1-87EDC5ADA006}"
EndProject
Global
	GlobalSection(SolutionConfigurationPlatforms) = preSolution
		Debug|x64 = Debug|x64
		Debug|x86 = Debug|x86
		Release|x64 = Release|x64
		Release|x86 = Release|x86
	EndGlobalSection
	GlobalSection(ProjectConfigurationPlatforms) = postSolution
		{EEBEC380-0FDF-42BB-89D1-87EDC5ADA006}.Debug|x64.ActiveCfg = Debug|x64
		{EEBEC380-0FDF-42BB-89D1-87EDC5ADA006}.Debug|x64.Build.0 = Debug|x64
		{EEBEC380-0FDF-42BB-89D1-87EDC5ADA006}.Debug|x86.ActiveCfg = Debug|Win32
		{EEBEC380-0FDF-42BB-89D1-87EDC5ADA006}.Debug|x86.Build.0 = Debug|Win32
		{EEBEC380-0FDF-42BB-89D1-87EDC5ADA006}.Release|x64.ActiveCfg = Release|x64
		{EEBEC380-0FDF-42BB-89D1-87EDC5ADA006}.Release|x64.Build.0 = Release|x64
		{EEBEC380-0FDF-42BB-89D1-87EDC5ADA006}.Release|x86.ActiveCfg = Release|Win32
		{EEBEC380-0FDF-42BB-89D1-87EDC5ADA006}.Release|x86.Build.0 = Release|Win32
	EndGlobalSection
	GlobalSection(SolutionProperties) = preSolution
		HideSolutionNode = FALSE
	EndGlobalSection
	GlobalSection(ExtensibilityGlobals) = postSolution
		SolutionGuid = {6B1FF569-09D4-4194-8AAD-CEE87EC29EF4}
	EndGlobalSection
EndGlobal
